
Microsoft Visual Studio Solution File, Format Version 12.00
# Visual Studio 2012
Project("{FAE04EC0-301F-11D3-BF4B-00C04F79EFBC}") = "ERPApplication", "ERPApplication\ERPApplication.csproj", "{EA2490FE-8977-49F9-9505-79237E74913D}"
EndProject
Project("{FAE04EC0-301F-11D3-BF4B-00C04F79EFBC}") = "ERPRepository", "ERPRepository\ERPRepository.csproj", "{636FF714-9568-43E1-AFA1-C065A7DB3992}"
EndProject
Global
	GlobalSection(SolutionConfigurationPlatforms) = preSolution
		Debug|Any CPU = Debug|Any CPU
		Release|Any CPU = Release|Any CPU
	EndGlobalSection
	GlobalSection(ProjectConfigurationPlatforms) = postSolution
		{EA2490FE-8977-49F9-9505-79237E74913D}.Debug|Any CPU.ActiveCfg = Debug|Any CPU
		{EA2490FE-8977-49F9-9505-79237E74913D}.Debug|Any CPU.Build.0 = Debug|Any CPU
		{EA2490FE-8977-49F9-9505-79237E74913D}.Release|Any CPU.ActiveCfg = Release|Any CPU
		{EA2490FE-8977-49F9-9505-79237E74913D}.Release|Any CPU.Build.0 = Release|Any CPU
		{636FF714-9568-43E1-AFA1-C065A7DB3992}.Debug|Any CPU.ActiveCfg = Debug|Any CPU
		{636FF714-9568-43E1-AFA1-C065A7DB3992}.Debug|Any CPU.Build.0 = Debug|Any CPU
		{636FF714-9568-43E1-AFA1-C065A7DB3992}.Release|Any CPU.ActiveCfg = Release|Any CPU
		{636FF714-9568-43E1-AFA1-C065A7DB3992}.Release|Any CPU.Build.0 = Release|Any CPU
	EndGlobalSection
	GlobalSection(SolutionProperties) = preSolution
		HideSolutionNode = FALSE
	EndGlobalSection
EndGlobal
